
Microsoft Visual Studio Solution File, Format Version 12.00
# Visual Studio 15
VisualStudioVersion = 15.0.27703.2042
MinimumVisualStudioVersion = 10.0.40219.1
Project("{FAE04EC0-301F-11D3-BF4B-00C04F79EFBC}") = "MyDemo", "MyDemo\MyDemo.csproj", "{EC79E8ED-0D3C-4162-B22D-8AA612479F8E}"
EndProject
Global
	GlobalSection(SolutionConfigurationPlatforms) = preSolution
		Debug|Any CPU = Debug|Any CPU
		Release|Any CPU = Release|Any CPU
	EndGlobalSection
	GlobalSection(ProjectConfigurationPlatforms) = postSolution
		{EC79E8ED-0D3C-4162-B22D-8AA612479F8E}.Debug|Any CPU.ActiveCfg = Debug|Any CPU
		{EC79E8ED-0D3C-4162-B22D-8AA612479F8E}.Debug|Any CPU.Build.0 = Debug|Any CPU
		{EC79E8ED-0D3C-4162-B22D-8AA612479F8E}.Release|Any CPU.ActiveCfg = Release|Any CPU
		{EC79E8ED-0D3C-4162-B22D-8AA612479F8E}.Release|Any CPU.Build.0 = Release|Any CPU
	EndGlobalSection
	GlobalSection(SolutionProperties) = preSolution
		HideSolutionNode = FALSE
	EndGlobalSection
	GlobalSection(ExtensibilityGlobals) = postSolution
		SolutionGuid = {C58282E0-0022-461B-ACA7-7C7CDAEA1FB0}
	EndGlobalSection
EndGlobal
